PODS:
  - beacon_broadcast (0.0.1):
    - Flutter
  - Flutter (1.0.0)

DEPENDENCIES:
  - beacon_broadcast (from `.symlinks/plugins/beacon_broadcast/ios`)
  - Flutter (from `Flutter`)

EXTERNAL SOURCES:
  beacon_broadcast:
    :path: ".symlinks/plugins/beacon_broadcast/ios"
  Flutter:
    :path: Flutter

SPEC CHECKSUMS:
  beacon_broadcast: e48e2672c8378ed1df40fd9c9e896328463f5f8a
  Flutter: cabc95a1d2626b1b06e7179b784ebcf0c0cde467

PODFILE CHECKSUM: f3734cf2c64ab93db34ebd0461528389a119c1e8

COCOAPODS: 1.16.2
